
Microsoft Visual Studio Solution File, Format Version 12.00
# Visual Studio Version 16
VisualStudioVersion = 16.0.29911.84
MinimumVisualStudioVersion = 10.0.40219.1
Project("{FAE04EC0-301F-11D3-BF4B-00C04F79EFBC}") = "Hello", "Hello\Hello.csproj", "{753C6625-708A-4341-A5C2-A320682B628C}"
EndProject
Project("{FAE04EC0-301F-11D3-BF4B-00C04F79EFBC}") = "HUSCLib", "HUSCLib\HUSCLib.csproj", "{C5CA480F-F6DB-4EE5-BFBA-2A0D61E251C8}"
EndProject
Project("{FAE04EC0-301F-11D3-BF4B-00C04F79EFBC}") = "WinformBasic", "WinformBasic\WinformBasic.csproj", "{8F254D8C-5BBE-40D2-A822-FF6EE53F506C}"
EndProject
Project("{FAE04EC0-301F-11D3-BF4B-00C04F79EFBC}") = "ProfileStudent", "ProfileStudent\ProfileStudent.csproj", "{2940920C-E9FF-47B2-A5B1-78750D0ED4CC}"
EndProject
Project("{FAE04EC0-301F-11D3-BF4B-00C04F79EFBC}") = "QLSV", "QLSV\QLSV.csproj", "{81AC7F9E-2116-4021-A73E-6977B2576429}"
EndProject
Project("{FAE04EC0-301F-11D3-BF4B-00C04F79EFBC}") = "AppQLSV", "AppQLSV\AppQLSV.csproj", "{A94D0AC9-7CB6-4671-8E95-29C425A8AF86}"
EndProject
Global
	GlobalSection(SolutionConfigurationPlatforms) = preSolution
		Debug|Any CPU = Debug|Any CPU
		Release|Any CPU = Release|Any CPU
	EndGlobalSection
	GlobalSection(ProjectConfigurationPlatforms) = postSolution
		{753C6625-708A-4341-A5C2-A320682B628C}.Debug|Any CPU.ActiveCfg = Debug|Any CPU
		{753C6625-708A-4341-A5C2-A320682B628C}.Debug|Any CPU.Build.0 = Debug|Any CPU
		{753C6625-708A-4341-A5C2-A320682B628C}.Release|Any CPU.ActiveCfg = Release|Any CPU
		{753C6625-708A-4341-A5C2-A320682B628C}.Release|Any CPU.Build.0 = Release|Any CPU
		{C5CA480F-F6DB-4EE5-BFBA-2A0D61E251C8}.Debug|Any CPU.ActiveCfg = Debug|Any CPU
		{C5CA480F-F6DB-4EE5-BFBA-2A0D61E251C8}.Debug|Any CPU.Build.0 = Debug|Any CPU
		{C5CA480F-F6DB-4EE5-BFBA-2A0D61E251C8}.Release|Any CPU.ActiveCfg = Release|Any CPU
		{C5CA480F-F6DB-4EE5-BFBA-2A0D61E251C8}.Release|Any CPU.Build.0 = Release|Any CPU
		{8F254D8C-5BBE-40D2-A822-FF6EE53F506C}.Debug|Any CPU.ActiveCfg = Debug|Any CPU
		{8F254D8C-5BBE-40D2-A822-FF6EE53F506C}.Debug|Any CPU.Build.0 = Debug|Any CPU
		{8F254D8C-5BBE-40D2-A822-FF6EE53F506C}.Release|Any CPU.ActiveCfg = Release|Any CPU
		{8F254D8C-5BBE-40D2-A822-FF6EE53F506C}.Release|Any CPU.Build.0 = Release|Any CPU
		{2940920C-E9FF-47B2-A5B1-78750D0ED4CC}.Debug|Any CPU.ActiveCfg = Debug|Any CPU
		{2940920C-E9FF-47B2-A5B1-78750D0ED4CC}.Debug|Any CPU.Build.0 = Debug|Any CPU
		{2940920C-E9FF-47B2-A5B1-78750D0ED4CC}.Release|Any CPU.ActiveCfg = Release|Any CPU
		{2940920C-E9FF-47B2-A5B1-78750D0ED4CC}.Release|Any CPU.Build.0 = Release|Any CPU
		{81AC7F9E-2116-4021-A73E-6977B2576429}.Debug|Any CPU.ActiveCfg = Debug|Any CPU
		{81AC7F9E-2116-4021-A73E-6977B2576429}.Debug|Any CPU.Build.0 = Debug|Any CPU
		{81AC7F9E-2116-4021-A73E-6977B2576429}.Release|Any CPU.ActiveCfg = Release|Any CPU
		{81AC7F9E-2116-4021-A73E-6977B2576429}.Release|Any CPU.Build.0 = Release|Any CPU
		{A94D0AC9-7CB6-4671-8E95-29C425A8AF86}.Debug|Any CPU.ActiveCfg = Debug|Any CPU
		{A94D0AC9-7CB6-4671-8E95-29C425A8AF86}.Debug|Any CPU.Build.0 = Debug|Any CPU
		{A94D0AC9-7CB6-4671-8E95-29C425A8AF86}.Release|Any CPU.ActiveCfg = Release|Any CPU
		{A94D0AC9-7CB6-4671-8E95-29C425A8AF86}.Release|Any CPU.Build.0 = Release|Any CPU
	EndGlobalSection
	GlobalSection(SolutionProperties) = preSolution
		HideSolutionNode = FALSE
	EndGlobalSection
	GlobalSection(ExtensibilityGlobals) = postSolution
		SolutionGuid = {50D73C0F-AFE8-4F43-B67B-F8B070798617}
	EndGlobalSection
EndGlobal
